
Microsoft Visual Studio Solution File, Format Version 12.00
Project("{FAE04EC0-301F-11D3-BF4B-00C04F79EFBC}") = "DotNetBlog", "DotNetBlog\DotNetBlog.csproj", "{882460BC-4E0B-43CC-852C-231E25FC0F64}"
EndProject
Global
	GlobalSection(SolutionConfigurationPlatforms) = preSolution
		Debug|Any CPU = Debug|Any CPU
		Release|Any CPU = Release|Any CPU
	EndGlobalSection
	GlobalSection(ProjectConfigurationPlatforms) = postSolution
		{882460BC-4E0B-43CC-852C-231E25FC0F64}.Debug|Any CPU.ActiveCfg = Debug|Any CPU
		{882460BC-4E0B-43CC-852C-231E25FC0F64}.Debug|Any CPU.Build.0 = Debug|Any CPU
		{882460BC-4E0B-43CC-852C-231E25FC0F64}.Release|Any CPU.ActiveCfg = Release|Any CPU
		{882460BC-4E0B-43CC-852C-231E25FC0F64}.Release|Any CPU.Build.0 = Release|Any CPU
	EndGlobalSection
EndGlobal
